// !$*UTF8*$!
{
	archiveVersion = 1;
	classes = {
	};
	objectVersion = 55;
	objects = {

/* Begin PBXBuildFile section */
		4215B37A27521B88002A6376 /* Assets.xcassets in Resources */ = {isa = PBXBuildFile; fileRef = 4215B36827521B88002A6376 /* Assets.xcassets */; };
		4215B37B27521B88002A6376 /* Assets.xcassets in Resources */ = {isa = PBXBuildFile; fileRef = 4215B36827521B88002A6376 /* Assets.xcassets */; };
		4215B3B927521FFB002A6376 /* MultipeerKit in Frameworks */ = {isa = PBXBuildFile; productRef = 4215B3B827521FFB002A6376 /* MultipeerKit */; };
		4215B3BC27522008002A6376 /* MultipeerKit in Frameworks */ = {isa = PBXBuildFile; productRef = 4215B3BB27522008002A6376 /* MultipeerKit */; };
		4215B3C127522159002A6376 /* AvatarKit.framework in Frameworks */ = {isa = PBXBuildFile; fileRef = 4215B3BF27522159002A6376 /* AvatarKit.framework */; };
		4215B3C22752215A002A6376 /* AvatarKit.framework in Frameworks */ = {isa = PBXBuildFile; fileRef = 4215B3BF27522159002A6376 /* AvatarKit.framework */; };
		4215B3C32752215A002A6376 /* AvatarPersistence.framework in Frameworks */ = {isa = PBXBuildFile; fileRef = 4215B3C027522159002A6376 /* AvatarPersistence.framework */; };
		4215B3C42752215A002A6376 /* AvatarPersistence.framework in Frameworks */ = {isa = PBXBuildFile; fileRef = 4215B3C027522159002A6376 /* AvatarPersistence.framework */; };
		4215B3C62752241F002A6376 /* Glue.swift in Sources */ = {isa = PBXBuildFile; fileRef = 4215B3C52752241F002A6376 /* Glue.swift */; };
		4215B3C92752246F002A6376 /* Glue.swift in Sources */ = {isa = PBXBuildFile; fileRef = 4215B3C82752246F002A6376 /* Glue.swift */; };
		4215B3CB275224A8002A6376 /* PlatformAvatarView.swift in Sources */ = {isa = PBXBuildFile; fileRef = 4215B3CA275224A8002A6376 /* PlatformAvatarView.swift */; };
		4215B3D02752251F002A6376 /* PlatformAvatarView.swift in Sources */ = {isa = PBXBuildFile; fileRef = 4215B3CF2752251F002A6376 /* PlatformAvatarView.swift */; };
		42381EF427523B77001A3D35 /* AvatarStreamApp.swift in Sources */ = {isa = PBXBuildFile; fileRef = 42381EEE27523B77001A3D35 /* AvatarStreamApp.swift */; };
		42381EF527523B77001A3D35 /* AvatarStreamApp.swift in Sources */ = {isa = PBXBuildFile; fileRef = 42381EEE27523B77001A3D35 /* AvatarStreamApp.swift */; };
		42381EF627523B77001A3D35 /* MemojiThumbnailer.swift in Sources */ = {isa = PBXBuildFile; fileRef = 42381EEF27523B77001A3D35 /* MemojiThumbnailer.swift */; };
		42381EF727523B77001A3D35 /* MemojiThumbnailer.swift in Sources */ = {isa = PBXBuildFile; fileRef = 42381EEF27523B77001A3D35 /* MemojiThumbnailer.swift */; };
		42381EF827523B77001A3D35 /* ContentView.swift in Sources */ = {isa = PBXBuildFile; fileRef = 42381EF027523B77001A3D35 /* ContentView.swift */; };
		42381EF927523B77001A3D35 /* ContentView.swift in Sources */ = {isa = PBXBuildFile; fileRef = 42381EF027523B77001A3D35 /* ContentView.swift */; };
		42381EFA27523B77001A3D35 /* PropertyListView.swift in Sources */ = {isa = PBXBuildFile; fileRef = 42381EF127523B77001A3D35 /* PropertyListView.swift */; };
		42381EFB27523B77001A3D35 /* PropertyListView.swift in Sources */ = {isa = PBXBuildFile; fileRef = 42381EF127523B77001A3D35 /* PropertyListView.swift */; };
		42381EFC27523B77001A3D35 /* AvatarView.swift in Sources */ = {isa = PBXBuildFile; fileRef = 42381EF227523B77001A3D35 /* AvatarView.swift */; };
		42381EFD27523B77001A3D35 /* AvatarView.swift in Sources */ = {isa = PBXBuildFile; fileRef = 42381EF227523B77001A3D35 /* AvatarView.swift */; };
		42381EFE27523B77001A3D35 /* AvatarIO.swift in Sources */ = {isa = PBXBuildFile; fileRef = 42381EF327523B77001A3D35 /* AvatarIO.swift */; };
		42381EFF27523B77001A3D35 /* AvatarIO.swift in Sources */ = {isa = PBXBuildFile; fileRef = 42381EF327523B77001A3D35 /* AvatarIO.swift */; };
/* End PBXBuildFile section */

/* Begin PBXFileReference section */
		4215B36827521B88002A6376 /* Assets.xcassets */ = {isa = PBXFileReference; lastKnownFileType = folder.assetcatalog; path = Assets.xcassets; sourceTree = "<group>"; };
		4215B36D27521B88002A6376 /* AvatarStream.app */ = {isa = PBXFileReference; explicitFileType = wrapper.application; includeInIndex = 0; path = AvatarStream.app; sourceTree = BUILT_PRODUCTS_DIR; };
		4215B37327521B88002A6376 /* AvatarStream.app */ = {isa = PBXFileReference; explicitFileType = wrapper.application; includeInIndex = 0; path = AvatarStream.app; sourceTree = BUILT_PRODUCTS_DIR; };
		4215B37527521B88002A6376 /* macOS.entitlements */ = {isa = PBXFileReference; lastKnownFileType = text.plist.entitlements; path = macOS.entitlements; sourceTree = "<group>"; };
		4215B39327521D63002A6376 /* Info.plist */ = {isa = PBXFileReference; lastKnownFileType = text.plist.xml; path = Info.plist; sourceTree = "<group>"; };
		4215B3A727521E83002A6376 /* AVTStickerGeneratorOptions.h */ = {isa = PBXFileReference; lastKnownFileType = sourcecode.c.h; path = AVTStickerGeneratorOptions.h; sourceTree = "<group>"; };
		4215B3A827521E83002A6376 /* AVTView.h */ = {isa = PBXFileReference; lastKnownFileType = sourcecode.c.h; path = AVTView.h; sourceTree = "<group>"; };
		4215B3A927521E83002A6376 /* AVTAvatar.h */ = {isa = PBXFileReference; lastKnownFileType = sourcecode.c.h; path = AVTAvatar.h; sourceTree = "<group>"; };
		4215B3AA27521E83002A6376 /* AVTAnimoji.h */ = {isa = PBXFileReference; lastKnownFileType = sourcecode.c.h; path = AVTAnimoji.h; sourceTree = "<group>"; };
		4215B3AB27521E83002A6376 /* AVTStickerGenerator.h */ = {isa = PBXFileReference; lastKnownFileType = sourcecode.c.h; path = AVTStickerGenerator.h; sourceTree = "<group>"; };
		4215B3AC27521E83002A6376 /* AVTAvatarRecordRendering.h */ = {isa = PBXFileReference; lastKnownFileType = sourcecode.c.h; path = AVTAvatarRecordRendering.h; sourceTree = "<group>"; };
		4215B3AD27521E83002A6376 /* AVTMemoji.h */ = {isa = PBXFileReference; lastKnownFileType = sourcecode.c.h; path = AVTMemoji.h; sourceTree = "<group>"; };
		4215B3AE27521E83002A6376 /* AVTStickerConfiguration.h */ = {isa = PBXFileReference; lastKnownFileType = sourcecode.c.h; path = AVTStickerConfiguration.h; sourceTree = "<group>"; };
		4215B3AF27521E83002A6376 /* AVTAvatarRecord.h */ = {isa = PBXFileReference; lastKnownFileType = sourcecode.c.h; path = AVTAvatarRecord.h; sourceTree = "<group>"; };
		4215B3B027521E83002A6376 /* AVTPAvatarRecordDataSource.h */ = {isa = PBXFileReference; lastKnownFileType = sourcecode.c.h; path = AVTPAvatarRecordDataSource.h; sourceTree = "<group>"; };
		4215B3B127521E8D002A6376 /* AvatarStream-Bridging-Header.h */ = {isa = PBXFileReference; lastKnownFileType = sourcecode.c.h; path = "AvatarStream-Bridging-Header.h"; sourceTree = "<group>"; };
		4215B3BF27522159002A6376 /* AvatarKit.framework */ = {isa = PBXFileReference; lastKnownFileType = wrapper.framework; path = AvatarKit.framework; sourceTree = "<group>"; };
		4215B3C027522159002A6376 /* AvatarPersistence.framework */ = {isa = PBXFileReference; lastKnownFileType = wrapper.framework; path = AvatarPersistence.framework; sourceTree = "<group>"; };
		4215B3C52752241F002A6376 /* Glue.swift */ = {isa = PBXFileReference; lastKnownFileType = sourcecode.swift; path = Glue.swift; sourceTree = "<group>"; };
		4215B3C82752246F002A6376 /* Glue.swift */ = {isa = PBXFileReference; lastKnownFileType = sourcecode.swift; path = Glue.swift; sourceTree = "<group>"; };
		4215B3CA275224A8002A6376 /* PlatformAvatarView.swift */ = {isa = PBXFileReference; lastKnownFileType = sourcecode.swift; path = PlatformAvatarView.swift; sourceTree = "<group>"; };
		4215B3CF2752251F002A6376 /* PlatformAvatarView.swift */ = {isa = PBXFileReference; lastKnownFileType = sourcecode.swift; path = PlatformAvatarView.swift; sourceTree = "<group>"; };
		42381EEE27523B77001A3D35 /* AvatarStreamApp.swift */ = {isa = PBXFileReference; fileEncoding = 4; lastKnownFileType = sourcecode.swift; path = AvatarStreamApp.swift; sourceTree = "<group>"; };
		42381EEF27523B77001A3D35 /* MemojiThumbnailer.swift */ = {isa = PBXFileReference; fileEncoding = 4; lastKnownFileType = sourcecode.swift; path = MemojiThumbnailer.swift; sourceTree = "<group>"; };
		42381EF027523B77001A3D35 /* ContentView.swift */ = {isa = PBXFileReference; fileEncoding = 4; lastKnownFileType = sourcecode.swift; path = ContentView.swift; sourceTree = "<group>"; };
		42381EF127523B77001A3D35 /* PropertyListView.swift */ = {isa = PBXFileReference; fileEncoding = 4; lastKnownFileType = sourcecode.swift; path = PropertyListView.swift; sourceTree = "<group>"; };
		42381EF227523B77001A3D35 /* AvatarView.swift */ = {isa = PBXFileReference; fileEncoding = 4; lastKnownFileType = sourcecode.swift; path = AvatarView.swift; sourceTree = "<group>"; };
		42381EF327523B77001A3D35 /* AvatarIO.swift */ = {isa = PBXFileReference; fileEncoding = 4; lastKnownFileType = sourcecode.swift; path = AvatarIO.swift; sourceTree = "<group>"; };
/* End PBXFileReference section */

/* Begin PBXFrameworksBuildPhase section */
		4215B36A27521B88002A6376 /* Frameworks */ = {
			isa = PBXFrameworksBuildPhase;
			buildActionMask = 2147483647;
			files = (
				4215B3C127522159002A6376 /* AvatarKit.framework in Frameworks */,
				4215B3C32752215A002A6376 /* AvatarPersistence.framework in Frameworks */,
				4215B3B927521FFB002A6376 /* MultipeerKit in Frameworks */,
			);
			runOnlyForDeploymentPostprocessing = 0;
		};
		4215B37027521B88002A6376 /* Frameworks */ = {
			isa = PBXFrameworksBuildPhase;
			buildActionMask = 2147483647;
			files = (
				4215B3C22752215A002A6376 /* AvatarKit.framework in Frameworks */,
				4215B3C42752215A002A6376 /* AvatarPersistence.framework in Frameworks */,
				4215B3BC27522008002A6376 /* MultipeerKit in Frameworks */,
			);
			runOnlyForDeploymentPostprocessing = 0;
		};
/* End PBXFrameworksBuildPhase section */

/* Begin PBXGroup section */
		4215B36027521B87002A6376 = {
			isa = PBXGroup;
			children = (
				4215B3BD2752201A002A6376 /* System Frameworks */,
				4215B3A627521E75002A6376 /* Headers */,
				4215B36527521B87002A6376 /* Shared */,
				4215B3BE27522021002A6376 /* iOS */,
				4215B37427521B88002A6376 /* macOS */,
				4215B36E27521B88002A6376 /* Products */,
				4215B3BA27522008002A6376 /* Frameworks */,
			);
			sourceTree = "<group>";
		};
		4215B36527521B87002A6376 /* Shared */ = {
			isa = PBXGroup;
			children = (
				42381EF327523B77001A3D35 /* AvatarIO.swift */,
				42381EEE27523B77001A3D35 /* AvatarStreamApp.swift */,
				42381EF227523B77001A3D35 /* AvatarView.swift */,
				42381EF027523B77001A3D35 /* ContentView.swift */,
				42381EEF27523B77001A3D35 /* MemojiThumbnailer.swift */,
				42381EF127523B77001A3D35 /* PropertyListView.swift */,
				4215B36827521B88002A6376 /* Assets.xcassets */,
			);
			path = Shared;
			sourceTree = "<group>";
		};
		4215B36E27521B88002A6376 /* Products */ = {
			isa = PBXGroup;
			children = (
				4215B36D27521B88002A6376 /* AvatarStream.app */,
				4215B37327521B88002A6376 /* AvatarStream.app */,
			);
			name = Products;
			sourceTree = "<group>";
		};
		4215B37427521B88002A6376 /* macOS */ = {
			isa = PBXGroup;
			children = (
				4215B37527521B88002A6376 /* macOS.entitlements */,
				4215B3C82752246F002A6376 /* Glue.swift */,
				4215B3CF2752251F002A6376 /* PlatformAvatarView.swift */,
			);
			path = macOS;
			sourceTree = "<group>";
		};
		4215B3A627521E75002A6376 /* Headers */ = {
			isa = PBXGroup;
			children = (
				4215B3AA27521E83002A6376 /* AVTAnimoji.h */,
				4215B3A927521E83002A6376 /* AVTAvatar.h */,
				4215B3AF27521E83002A6376 /* AVTAvatarRecord.h */,
				4215B3AC27521E83002A6376 /* AVTAvatarRecordRendering.h */,
				4215B3AD27521E83002A6376 /* AVTMemoji.h */,
				4215B3B027521E83002A6376 /* AVTPAvatarRecordDataSource.h */,
				4215B3AE27521E83002A6376 /* AVTStickerConfiguration.h */,
				4215B3AB27521E83002A6376 /* AVTStickerGenerator.h */,
				4215B3A727521E83002A6376 /* AVTStickerGeneratorOptions.h */,
				4215B3A827521E83002A6376 /* AVTView.h */,
				4215B3B127521E8D002A6376 /* AvatarStream-Bridging-Header.h */,
			);
			path = Headers;
			sourceTree = "<group>";
		};
		4215B3BA27522008002A6376 /* Frameworks */ = {
			isa = PBXGroup;
			children = (
			);
			name = Frameworks;
			sourceTree = "<group>";
		};
		4215B3BD2752201A002A6376 /* System Frameworks */ = {
			isa = PBXGroup;
			children = (
				4215B3BF27522159002A6376 /* AvatarKit.framework */,
				4215B3C027522159002A6376 /* AvatarPersistence.framework */,
			);
			path = "System Frameworks";
			sourceTree = "<group>";
		};
		4215B3BE27522021002A6376 /* iOS */ = {
			isa = PBXGroup;
			children = (
				4215B39327521D63002A6376 /* Info.plist */,
				4215B3CA275224A8002A6376 /* PlatformAvatarView.swift */,
				4215B3C52752241F002A6376 /* Glue.swift */,
			);
			path = iOS;
			sourceTree = "<group>";
		};
/* End PBXGroup section */

/* Begin PBXNativeTarget section */
		4215B36C27521B88002A6376 /* AvatarStream (iOS) */ = {
			isa = PBXNativeTarget;
			buildConfigurationList = 4215B37E27521B88002A6376 /* Build configuration list for PBXNativeTarget "AvatarStream (iOS)" */;
			buildPhases = (
				4215B36927521B88002A6376 /* Sources */,
				4215B36A27521B88002A6376 /* Frameworks */,
				4215B36B27521B88002A6376 /* Resources */,
			);
			buildRules = (
			);
			dependencies = (
			);
			name = "AvatarStream (iOS)";
			packageProductDependencies = (
				4215B3B827521FFB002A6376 /* MultipeerKit */,
			);
			productName = "AvatarStream (iOS)";
			productReference = 4215B36D27521B88002A6376 /* AvatarStream.app */;
			productType = "com.apple.product-type.application";
		};
		4215B37227521B88002A6376 /* AvatarStream (macOS) */ = {
			isa = PBXNativeTarget;
			buildConfigurationList = 4215B38127521B88002A6376 /* Build configuration list for PBXNativeTarget "AvatarStream (macOS)" */;
			buildPhases = (
				4215B36F27521B88002A6376 /* Sources */,
				4215B37027521B88002A6376 /* Frameworks */,
				4215B37127521B88002A6376 /* Resources */,
			);
			buildRules = (
			);
			dependencies = (
			);
			name = "AvatarStream (macOS)";
			packageProductDependencies = (
				4215B3BB27522008002A6376 /* MultipeerKit */,
			);
			productName = "AvatarStream (macOS)";
			productReference = 4215B37327521B88002A6376 /* AvatarStream.app */;
			productType = "com.apple.product-type.application";
		};
/* End PBXNativeTarget section */

/* Begin PBXProject section */
		4215B36127521B87002A6376 /* Project object */ = {
			isa = PBXProject;
			attributes = {
				BuildIndependentTargetsInParallel = 1;
				LastSwiftUpdateCheck = 1320;
				LastUpgradeCheck = 1320;
				TargetAttributes = {
					4215B36C27521B88002A6376 = {
						CreatedOnToolsVersion = 13.2;
						LastSwiftMigration = 1320;
					};
					4215B37227521B88002A6376 = {
						CreatedOnToolsVersion = 13.2;
						LastSwiftMigration = 1320;
					};
				};
			};
			buildConfigurationList = 4215B36427521B87002A6376 /* Build configuration list for PBXProject "AvatarStream" */;
			compatibilityVersion = "Xcode 13.0";
			developmentRegion = en;
			hasScannedForEncodings = 0;
			knownRegions = (
				en,
				Base,
			);
			mainGroup = 4215B36027521B87002A6376;
			packageReferences = (
				4215B3B727521FFB002A6376 /* XCRemoteSwiftPackageReference "MultipeerKit" */,
			);
			productRefGroup = 4215B36E27521B88002A6376 /* Products */;
			projectDirPath = "";
			projectRoot = "";
			targets = (
				4215B36C27521B88002A6376 /* AvatarStream (iOS) */,
				4215B37227521B88002A6376 /* AvatarStream (macOS) */,
			);
		};
/* End PBXProject section */

/* Begin PBXResourcesBuildPhase section */
		4215B36B27521B88002A6376 /* Resources */ = {
			isa = PBXResourcesBuildPhase;
			buildActionMask = 2147483647;
			files = (
				4215B37A27521B88002A6376 /* Assets.xcassets in Resources */,
			);
			runOnlyForDeploymentPostprocessing = 0;
		};
		4215B37127521B88002A6376 /* Resources */ = {
			isa = PBXResourcesBuildPhase;
			buildActionMask = 2147483647;
			files = (
				4215B37B27521B88002A6376 /* Assets.xcassets in Resources */,
			);
			runOnlyForDeploymentPostprocessing = 0;
		};
/* End PBXResourcesBuildPhase section */

/* Begin PBXSourcesBuildPhase section */
		4215B36927521B88002A6376 /* Sources */ = {
			isa = PBXSourcesBuildPhase;
			buildActionMask = 2147483647;
			files = (
				42381EFE27523B77001A3D35 /* AvatarIO.swift in Sources */,
				4215B3C62752241F002A6376 /* Glue.swift in Sources */,
				42381EFA27523B77001A3D35 /* PropertyListView.swift in Sources */,
				42381EFC27523B77001A3D35 /* AvatarView.swift in Sources */,
				42381EF827523B77001A3D35 /* ContentView.swift in Sources */,
				4215B3CB275224A8002A6376 /* PlatformAvatarView.swift in Sources */,
				42381EF627523B77001A3D35 /* MemojiThumbnailer.swift in Sources */,
				42381EF427523B77001A3D35 /* AvatarStreamApp.swift in Sources */,
			);
			runOnlyForDeploymentPostprocessing = 0;
		};
		4215B36F27521B88002A6376 /* Sources */ = {
			isa = PBXSourcesBuildPhase;
			buildActionMask = 2147483647;
			files = (
				42381EFF27523B77001A3D35 /* AvatarIO.swift in Sources */,
				4215B3C92752246F002A6376 /* Glue.swift in Sources */,
				42381EFB27523B77001A3D35 /* PropertyListView.swift in Sources */,
				42381EFD27523B77001A3D35 /* AvatarView.swift in Sources */,
				42381EF927523B77001A3D35 /* ContentView.swift in Sources */,
				4215B3D02752251F002A6376 /* PlatformAvatarView.swift in Sources */,
				42381EF727523B77001A3D35 /* MemojiThumbnailer.swift in Sources */,
				42381EF527523B77001A3D35 /* AvatarStreamApp.swift in Sources */,
			);
			runOnlyForDeploymentPostprocessing = 0;
		};
/* End PBXSourcesBuildPhase section */

/* Begin XCBuildConfiguration section */
		4215B37C27521B88002A6376 /* Debug */ = {
			isa = XCBuildConfiguration;
			buildSettings = {
				ALWAYS_SEARCH_USER_PATHS = NO;
				CLANG_ANALYZER_NONNULL = YES;
				CLANG_ANALYZER_NUMBER_OBJECT_CONVERSION = YES_AGGRESSIVE;
				CLANG_CXX_LANGUAGE_STANDARD = "gnu++17";
				CLANG_CXX_LIBRARY = "libc++";
				CLANG_ENABLE_MODULES = YES;
				CLANG_ENABLE_OBJC_ARC = YES;
				CLANG_ENABLE_OBJC_WEAK = YES;
				CLANG_WARN_BLOCK_CAPTURE_AUTORELEASING = YES;
				CLANG_WARN_BOOL_CONVERSION = YES;
				CLANG_WARN_COMMA = YES;
				CLANG_WARN_CONSTANT_CONVERSION = YES;
				CLANG_WARN_DEPRECATED_OBJC_IMPLEMENTATIONS = YES;
				CLANG_WARN_DIRECT_OBJC_ISA_USAGE = YES_ERROR;
				CLANG_WARN_DOCUMENTATION_COMMENTS = YES;
				CLANG_WARN_EMPTY_BODY = YES;
				CLANG_WARN_ENUM_CONVERSION = YES;
				CLANG_WARN_INFINITE_RECURSION = YES;
				CLANG_WARN_INT_CONVERSION = YES;
				CLANG_WARN_NON_LITERAL_NULL_CONVERSION = YES;
				CLANG_WARN_OBJC_IMPLICIT_RETAIN_SELF = YES;
				CLANG_WARN_OBJC_LITERAL_CONVERSION = YES;
				CLANG_WARN_OBJC_ROOT_CLASS = YES_ERROR;
				CLANG_WARN_QUOTED_INCLUDE_IN_FRAMEWORK_HEADER = YES;
				CLANG_WARN_RANGE_LOOP_ANALYSIS = YES;
				CLANG_WARN_STRICT_PROTOTYPES = YES;
				CLANG_WARN_SUSPICIOUS_MOVE = YES;
				CLANG_WARN_UNGUARDED_AVAILABILITY = YES_AGGRESSIVE;
				CLANG_WARN_UNREACHABLE_CODE = YES;
				CLANG_WARN__DUPLICATE_METHOD_MATCH = YES;
				COPY_PHASE_STRIP = NO;
				DEBUG_INFORMATION_FORMAT = dwarf;
				ENABLE_STRICT_OBJC_MSGSEND = YES;
				ENABLE_TESTABILITY = YES;
				GCC_C_LANGUAGE_STANDARD = gnu11;
				GCC_DYNAMIC_NO_PIC = NO;
				GCC_NO_COMMON_BLOCKS = YES;
				GCC_OPTIMIZATION_LEVEL = 0;
				GCC_PREPROCESSOR_DEFINITIONS = (
					"DEBUG=1",
					"$(inherited)",
				);
				GCC_WARN_64_TO_32_BIT_CONVERSION = YES;
				GCC_WARN_ABOUT_RETURN_TYPE = YES_ERROR;
				GCC_WARN_UNDECLARED_SELECTOR = YES;
				GCC_WARN_UNINITIALIZED_AUTOS = YES_AGGRESSIVE;
				GCC_WARN_UNUSED_FUNCTION = YES;
				GCC_WARN_UNUSED_VARIABLE = YES;
				MTL_ENABLE_DEBUG_INFO = INCLUDE_SOURCE;
				MTL_FAST_MATH = YES;
				ONLY_ACTIVE_ARCH = YES;
				SWIFT_ACTIVE_COMPILATION_CONDITIONS = DEBUG;
				SWIFT_OPTIMIZATION_LEVEL = "-Onone";
			};
			name = Debug;
		};
		4215B37D27521B88002A6376 /* Release */ = {
			isa = XCBuildConfiguration;
			buildSettings = {
				ALWAYS_SEARCH_USER_PATHS = NO;
				CLANG_ANALYZER_NONNULL = YES;
				CLANG_ANALYZER_NUMBER_OBJECT_CONVERSION = YES_AGGRESSIVE;
				CLANG_CXX_LANGUAGE_STANDARD = "gnu++17";
				CLANG_CXX_LIBRARY = "libc++";
				CLANG_ENABLE_MODULES = YES;
				CLANG_ENABLE_OBJC_ARC = YES;
				CLANG_ENABLE_OBJC_WEAK = YES;
				CLANG_WARN_BLOCK_CAPTURE_AUTORELEASING = YES;
				CLANG_WARN_BOOL_CONVERSION = YES;
				CLANG_WARN_COMMA = YES;
				CLANG_WARN_CONSTANT_CONVERSION = YES;
				CLANG_WARN_DEPRECATED_OBJC_IMPLEMENTATIONS = YES;
				CLANG_WARN_DIRECT_OBJC_ISA_USAGE = YES_ERROR;
				CLANG_WARN_DOCUMENTATION_COMMENTS = YES;
				CLANG_WARN_EMPTY_BODY = YES;
				CLANG_WARN_ENUM_CONVERSION = YES;
				CLANG_WARN_INFINITE_RECURSION = YES;
				CLANG_WARN_INT_CONVERSION = YES;
				CLANG_WARN_NON_LITERAL_NULL_CONVERSION = YES;
				CLANG_WARN_OBJC_IMPLICIT_RETAIN_SELF = YES;
				CLANG_WARN_OBJC_LITERAL_CONVERSION = YES;
				CLANG_WARN_OBJC_ROOT_CLASS = YES_ERROR;
				CLANG_WARN_QUOTED_INCLUDE_IN_FRAMEWORK_HEADER = YES;
				CLANG_WARN_RANGE_LOOP_ANALYSIS = YES;
				CLANG_WARN_STRICT_PROTOTYPES = YES;
				CLANG_WARN_SUSPICIOUS_MOVE = YES;
				CLANG_WARN_UNGUARDED_AVAILABILITY = YES_AGGRESSIVE;
				CLANG_WARN_UNREACHABLE_CODE = YES;
				CLANG_WARN__DUPLICATE_METHOD_MATCH = YES;
				COPY_PHASE_STRIP = NO;
				DEBUG_INFORMATION_FORMAT = "dwarf-with-dsym";
				ENABLE_NS_ASSERTIONS = NO;
				ENABLE_STRICT_OBJC_MSGSEND = YES;
				GCC_C_LANGUAGE_STANDARD = gnu11;
				GCC_NO_COMMON_BLOCKS = YES;
				GCC_WARN_64_TO_32_BIT_CONVERSION = YES;
				GCC_WARN_ABOUT_RETURN_TYPE = YES_ERROR;
				GCC_WARN_UNDECLARED_SELECTOR = YES;
				GCC_WARN_UNINITIALIZED_AUTOS = YES_AGGRESSIVE;
				GCC_WARN_UNUSED_FUNCTION = YES;
				GCC_WARN_UNUSED_VARIABLE = YES;
				MTL_ENABLE_DEBUG_INFO = NO;
				MTL_FAST_MATH = YES;
				SWIFT_COMPILATION_MODE = wholemodule;
				SWIFT_OPTIMIZATION_LEVEL = "-O";
			};
			name = Release;
		};
		4215B37F27521B88002A6376 /* Debug */ = {
			isa = XCBuildConfiguration;
			buildSettings = {
				ASSETCATALOG_COMPILER_APPICON_NAME = AppIcon;
				ASSETCATALOG_COMPILER_GLOBAL_ACCENT_COLOR_NAME = AccentColor;
				CLANG_ENABLE_MODULES = YES;
				CODE_SIGN_STYLE = Automatic;
				CURRENT_PROJECT_VERSION = 1;
				DEVELOPMENT_TEAM = NP873NYDVX;
				ENABLE_PREVIEWS = YES;
				FRAMEWORK_SEARCH_PATHS = (
					"$(inherited)",
					"$(PROJECT_DIR)/System\\ Frameworks",
					"$(PROJECT_DIR)/System\\ Frameworks",
				);
				GENERATE_INFOPLIST_FILE = YES;
				INFOPLIST_FILE = iOS/Info.plist;
				INFOPLIST_KEY_NSCameraUsageDescription = "Camera access is solely used for facial tracking with your avatar.";
				INFOPLIST_KEY_NSLocalNetworkUsageDescription = "Memoji can be shared between devices on your local network.";
				INFOPLIST_KEY_UIApplicationSceneManifest_Generation = YES;
				INFOPLIST_KEY_UIApplicationSupportsIndirectInputEvents = YES;
				INFOPLIST_KEY_UILaunchScreen_Generation = YES;
				INFOPLIST_KEY_UISupportedInterfaceOrientations_iPad = "UIInterfaceOrientationPortrait UIInterfaceOrientationPortraitUpsideDown UIInterfaceOrientationLandscapeLeft UIInterfaceOrientationLandscapeRight";
				INFOPLIST_KEY_UISupportedInterfaceOrientations_iPhone = "UIInterfaceOrientationPortrait UIInterfaceOrientationLandscapeLeft UIInterfaceOrientationLandscapeRight";
				IPHONEOS_DEPLOYMENT_TARGET = 15.2;
				LD_RUNPATH_SEARCH_PATHS = (
					"$(inherited)",
					"@executable_path/Frameworks",
				);
				MARKETING_VERSION = 1.0;
				PRODUCT_BUNDLE_IDENTIFIER = space.joscomputing.AvatarStream;
				PRODUCT_NAME = AvatarStream;
				SDKROOT = iphoneos;
				SWIFT_EMIT_LOC_STRINGS = YES;
				SWIFT_OBJC_BRIDGING_HEADER = "Headers/AvatarStream-Bridging-Header.h";
				SWIFT_OPTIMIZATION_LEVEL = "-Onone";
				SWIFT_VERSION = 5.0;
				TARGETED_DEVICE_FAMILY = "1,2";
			};
			name = Debug;
		};
		4215B38027521B88002A6376 /* Release */ = {
			isa = XCBuildConfiguration;
			buildSettings = {
				ASSETCATALOG_COMPILER_APPICON_NAME = AppIcon;
				ASSETCATALOG_COMPILER_GLOBAL_ACCENT_COLOR_NAME = AccentColor;
				CLANG_ENABLE_MODULES = YES;
				CODE_SIGN_STYLE = Automatic;
				CURRENT_PROJECT_VERSION = 1;
				DEVELOPMENT_TEAM = NP873NYDVX;
				ENABLE_PREVIEWS = YES;
				FRAMEWORK_SEARCH_PATHS = (
					"$(inherited)",
					"$(PROJECT_DIR)/System\\ Frameworks",
					"$(PROJECT_DIR)/System\\ Frameworks",
				);
				GENERATE_INFOPLIST_FILE = YES;
				INFOPLIST_FILE = iOS/Info.plist;
				INFOPLIST_KEY_NSCameraUsageDescription = "Camera access is solely used for facial tracking with your avatar.";
				INFOPLIST_KEY_NSLocalNetworkUsageDescription = "Memoji can be shared between devices on your local network.";
				INFOPLIST_KEY_UIApplicationSceneManifest_Generation = YES;
				INFOPLIST_KEY_UIApplicationSupportsIndirectInputEvents = YES;
				INFOPLIST_KEY_UILaunchScreen_Generation = YES;
				INFOPLIST_KEY_UISupportedInterfaceOrientations_iPad = "UIInterfaceOrientationPortrait UIInterfaceOrientationPortraitUpsideDown UIInterfaceOrientationLandscapeLeft UIInterfaceOrientationLandscapeRight";
				INFOPLIST_KEY_UISupportedInterfaceOrientations_iPhone = "UIInterfaceOrientationPortrait UIInterfaceOrientationLandscapeLeft UIInterfaceOrientationLandscapeRight";
				IPHONEOS_DEPLOYMENT_TARGET = 15.2;
				LD_RUNPATH_SEARCH_PATHS = (
					"$(inherited)",
					"@executable_path/Frameworks",
				);
				MARKETING_VERSION = 1.0;
				PRODUCT_BUNDLE_IDENTIFIER = space.joscomputing.AvatarStream;
				PRODUCT_NAME = AvatarStream;
				SDKROOT = iphoneos;
				SWIFT_EMIT_LOC_STRINGS = YES;
				SWIFT_OBJC_BRIDGING_HEADER = "Headers/AvatarStream-Bridging-Header.h";
				SWIFT_VERSION = 5.0;
				TARGETED_DEVICE_FAMILY = "1,2";
				VALIDATE_PRODUCT = YES;
			};
			name = Release;
		};
		4215B38227521B88002A6376 /* Debug */ = {
			isa = XCBuildConfiguration;
			buildSettings = {
				ASSETCATALOG_COMPILER_APPICON_NAME = AppIcon;
				ASSETCATALOG_COMPILER_GLOBAL_ACCENT_COLOR_NAME = AccentColor;
				CLANG_ENABLE_MODULES = YES;
				CODE_SIGN_ENTITLEMENTS = macOS/macOS.entitlements;
				CODE_SIGN_STYLE = Automatic;
				COMBINE_HIDPI_IMAGES = YES;
				CURRENT_PROJECT_VERSION = 1;
				DEVELOPMENT_TEAM = NP873NYDVX;
				ENABLE_HARDENED_RUNTIME = YES;
				ENABLE_PREVIEWS = YES;
				FRAMEWORK_SEARCH_PATHS = (
					"$(inherited)",
					"$(PROJECT_DIR)/System\\ Frameworks",
					"$(PROJECT_DIR)/System\\ Frameworks",
				);
				GENERATE_INFOPLIST_FILE = YES;
				INFOPLIST_KEY_NSHumanReadableCopyright = "";
				LD_RUNPATH_SEARCH_PATHS = (
					"$(inherited)",
					"@executable_path/../Frameworks",
				);
				MACOSX_DEPLOYMENT_TARGET = 12.1;
				MARKETING_VERSION = 1.0;
				PRODUCT_BUNDLE_IDENTIFIER = space.joscomputing.AvatarStream;
				PRODUCT_NAME = AvatarStream;
				SDKROOT = macosx;
				SWIFT_EMIT_LOC_STRINGS = YES;
				SWIFT_OBJC_BRIDGING_HEADER = "Headers/AvatarStream-Bridging-Header.h";
				SWIFT_OPTIMIZATION_LEVEL = "-Onone";
				SWIFT_VERSION = 5.0;
			};
			name = Debug;
		};
		4215B38327521B88002A6376 /* Release */ = {
			isa = XCBuildConfiguration;
			buildSettings = {
				ASSETCATALOG_COMPILER_APPICON_NAME = AppIcon;
				ASSETCATALOG_COMPILER_GLOBAL_ACCENT_COLOR_NAME = AccentColor;
				CLANG_ENABLE_MODULES = YES;
				CODE_SIGN_ENTITLEMENTS = macOS/macOS.entitlements;
				CODE_SIGN_STYLE = Automatic;
				COMBINE_HIDPI_IMAGES = YES;
				CURRENT_PROJECT_VERSION = 1;
				DEVELOPMENT_TEAM = NP873NYDVX;
				ENABLE_HARDENED_RUNTIME = YES;
				ENABLE_PREVIEWS = YES;
				FRAMEWORK_SEARCH_PATHS = (
					"$(inherited)",
					"$(PROJECT_DIR)/System\\ Frameworks",
					"$(PROJECT_DIR)/System\\ Frameworks",
				);
				GENERATE_INFOPLIST_FILE = YES;
				INFOPLIST_KEY_NSHumanReadableCopyright = "";
				LD_RUNPATH_SEARCH_PATHS = (
					"$(inherited)",
					"@executable_path/../Frameworks",
				);
				MACOSX_DEPLOYMENT_TARGET = 12.1;
				MARKETING_VERSION = 1.0;
				PRODUCT_BUNDLE_IDENTIFIER = space.joscomputing.AvatarStream;
				PRODUCT_NAME = AvatarStream;
				SDKROOT = macosx;
				SWIFT_EMIT_LOC_STRINGS = YES;
				SWIFT_OBJC_BRIDGING_HEADER = "Headers/AvatarStream-Bridging-Header.h";
				SWIFT_VERSION = 5.0;
			};
			name = Release;
		};
/* End XCBuildConfiguration section */

/* Begin XCConfigurationList section */
		4215B36427521B87002A6376 /* Build configuration list for PBXProject "AvatarStream" */ = {
			isa = XCConfigurationList;
			buildConfigurations = (
				4215B37C27521B88002A6376 /* Debug */,
				4215B37D27521B88002A6376 /* Release */,
			);
			defaultConfigurationIsVisible = 0;
			defaultConfigurationName = Release;
		};
		4215B37E27521B88002A6376 /* Build configuration list for PBXNativeTarget "AvatarStream (iOS)" */ = {
			isa = XCConfigurationList;
			buildConfigurations = (
				4215B37F27521B88002A6376 /* Debug */,
				4215B38027521B88002A6376 /* Release */,
			);
			defaultConfigurationIsVisible = 0;
			defaultConfigurationName = Release;
		};
		4215B38127521B88002A6376 /* Build configuration list for PBXNativeTarget "AvatarStream (macOS)" */ = {
			isa = XCConfigurationList;
			buildConfigurations = (
				4215B38227521B88002A6376 /* Debug */,
				4215B38327521B88002A6376 /* Release */,
			);
			defaultConfigurationIsVisible = 0;
			defaultConfigurationName = Release;
		};
/* End XCConfigurationList section */

/* Begin XCRemoteSwiftPackageReference section */
		4215B3B727521FFB002A6376 /* XCRemoteSwiftPackageReference "MultipeerKit" */ = {
			isa = XCRemoteSwiftPackageReference;
			repositoryURL = "https://github.com/insidegui/MultipeerKit";
			requirement = {
				kind = upToNextMajorVersion;
				minimumVersion = 0.4.0;
			};
		};
/* End XCRemoteSwiftPackageReference section */

/* Begin XCSwiftPackageProductDependency section */
		4215B3B827521FFB002A6376 /* MultipeerKit */ = {
			isa = XCSwiftPackageProductDependency;
			package = 4215B3B727521FFB002A6376 /* XCRemoteSwiftPackageReference "MultipeerKit" */;
			productName = MultipeerKit;
		};
		4215B3BB27522008002A6376 /* MultipeerKit */ = {
			isa = XCSwiftPackageProductDependency;
			package = 4215B3B727521FFB002A6376 /* XCRemoteSwiftPackageReference "MultipeerKit" */;
			productName = MultipeerKit;
		};
/* End XCSwiftPackageProductDependency section */
	};
	rootObject = 4215B36127521B87002A6376 /* Project object */;
}
