// !$*UTF8*$!
{
	archiveVersion = 1;
	classes = {
	};
	objectVersion = 55;
	objects = {

/* Begin PBXBuildFile section */
		4215B3472751E726002A6376 /* AvatarIO.swift in Sources */ = {isa = PBXBuildFile; fileRef = 4215B3462751E726002A6376 /* AvatarIO.swift */; };
		4215B3522751ED57002A6376 /* PropertyListView.swift in Sources */ = {isa = PBXBuildFile; fileRef = 4215B3512751ED57002A6376 /* PropertyListView.swift */; };
		4215B3542751F4B0002A6376 /* MemojiThumbnailer.swift in Sources */ = {isa = PBXBuildFile; fileRef = 4215B3532751F4B0002A6376 /* MemojiThumbnailer.swift */; };
		4220EDA7274F8BF300C3595E /* AvatarStreamApp.swift in Sources */ = {isa = PBXBuildFile; fileRef = 4220EDA6274F8BF300C3595E /* AvatarStreamApp.swift */; };
		4220EDAB274F8BF400C3595E /* Assets.xcassets in Resources */ = {isa = PBXBuildFile; fileRef = 4220EDAA274F8BF400C3595E /* Assets.xcassets */; };
		4220EDAE274F8BF400C3595E /* Preview Assets.xcassets in Resources */ = {isa = PBXBuildFile; fileRef = 4220EDAD274F8BF400C3595E /* Preview Assets.xcassets */; };
		424D7922274F911400FB064A /* AvatarKit.framework in Frameworks */ = {isa = PBXBuildFile; fileRef = 424D7920274F911400FB064A /* AvatarKit.framework */; };
		424D7927274F926200FB064A /* AvatarPersistence.framework in Frameworks */ = {isa = PBXBuildFile; fileRef = 424D7921274F911400FB064A /* AvatarPersistence.framework */; };
		42CFC2072751923400EB7AFB /* ContentView.swift in Sources */ = {isa = PBXBuildFile; fileRef = 42CFC2052751923400EB7AFB /* ContentView.swift */; };
		42CFC2082751923400EB7AFB /* AvatarView.swift in Sources */ = {isa = PBXBuildFile; fileRef = 42CFC2062751923400EB7AFB /* AvatarView.swift */; };
/* End PBXBuildFile section */

/* Begin PBXFileReference section */
		4215B3462751E726002A6376 /* AvatarIO.swift */ = {isa = PBXFileReference; lastKnownFileType = sourcecode.swift; path = AvatarIO.swift; sourceTree = "<group>"; };
		4215B3482751E7C1002A6376 /* AVTStickerGeneratorOptions.h */ = {isa = PBXFileReference; lastKnownFileType = sourcecode.c.h; path = AVTStickerGeneratorOptions.h; sourceTree = "<group>"; };
		4215B3492751E7C1002A6376 /* AVTStickerConfiguration.h */ = {isa = PBXFileReference; lastKnownFileType = sourcecode.c.h; path = AVTStickerConfiguration.h; sourceTree = "<group>"; };
		4215B34A2751E7C1002A6376 /* AVTStickerGenerator.h */ = {isa = PBXFileReference; lastKnownFileType = sourcecode.c.h; path = AVTStickerGenerator.h; sourceTree = "<group>"; };
		4215B34B2751E7C1002A6376 /* AVTAvatarRecordRendering.h */ = {isa = PBXFileReference; lastKnownFileType = sourcecode.c.h; path = AVTAvatarRecordRendering.h; sourceTree = "<group>"; };
		4215B34C2751E7C1002A6376 /* AVTAvatar.h */ = {isa = PBXFileReference; lastKnownFileType = sourcecode.c.h; path = AVTAvatar.h; sourceTree = "<group>"; };
		4215B34D2751E7C1002A6376 /* AVTView.h */ = {isa = PBXFileReference; lastKnownFileType = sourcecode.c.h; path = AVTView.h; sourceTree = "<group>"; };
		4215B34E2751E7C1002A6376 /* AVTAvatarRecord.h */ = {isa = PBXFileReference; lastKnownFileType = sourcecode.c.h; path = AVTAvatarRecord.h; sourceTree = "<group>"; };
		4215B34F2751E7C1002A6376 /* AVTAnimoji.h */ = {isa = PBXFileReference; lastKnownFileType = sourcecode.c.h; path = AVTAnimoji.h; sourceTree = "<group>"; };
		4215B3502751E7C1002A6376 /* AVTMemoji.h */ = {isa = PBXFileReference; lastKnownFileType = sourcecode.c.h; path = AVTMemoji.h; sourceTree = "<group>"; };
		4215B3512751ED57002A6376 /* PropertyListView.swift */ = {isa = PBXFileReference; lastKnownFileType = sourcecode.swift; path = PropertyListView.swift; sourceTree = "<group>"; };
		4215B3532751F4B0002A6376 /* MemojiThumbnailer.swift */ = {isa = PBXFileReference; lastKnownFileType = sourcecode.swift; path = MemojiThumbnailer.swift; sourceTree = "<group>"; };
		4220EDA3274F8BF300C3595E /* AvatarStream.app */ = {isa = PBXFileReference; explicitFileType = wrapper.application; includeInIndex = 0; path = AvatarStream.app; sourceTree = BUILT_PRODUCTS_DIR; };
		4220EDA6274F8BF300C3595E /* AvatarStreamApp.swift */ = {isa = PBXFileReference; lastKnownFileType = sourcecode.swift; path = AvatarStreamApp.swift; sourceTree = "<group>"; };
		4220EDAA274F8BF400C3595E /* Assets.xcassets */ = {isa = PBXFileReference; lastKnownFileType = folder.assetcatalog; path = Assets.xcassets; sourceTree = "<group>"; };
		4220EDAD274F8BF400C3595E /* Preview Assets.xcassets */ = {isa = PBXFileReference; lastKnownFileType = folder.assetcatalog; path = "Preview Assets.xcassets"; sourceTree = "<group>"; };
		4220EDB4274F8D5600C3595E /* System Frameworks */ = {isa = PBXFileReference; lastKnownFileType = folder; name = "System Frameworks"; path = "AvatarStream/System Frameworks"; sourceTree = "<group>"; };
		424D790B274F903000FB064A /* AvatarStream-Bridging-Header.h */ = {isa = PBXFileReference; lastKnownFileType = sourcecode.c.h; path = "AvatarStream-Bridging-Header.h"; sourceTree = "<group>"; };
		424D7910274F904400FB064A /* AVTAnimoji.h */ = {isa = PBXFileReference; lastKnownFileType = sourcecode.c.h; path = AVTAnimoji.h; sourceTree = "<group>"; };
		424D7915274F904500FB064A /* AVTView.h */ = {isa = PBXFileReference; lastKnownFileType = sourcecode.c.h; path = AVTView.h; sourceTree = "<group>"; };
		424D7918274F904500FB064A /* AVTAvatar.h */ = {isa = PBXFileReference; lastKnownFileType = sourcecode.c.h; path = AVTAvatar.h; sourceTree = "<group>"; };
		424D7920274F911400FB064A /* AvatarKit.framework */ = {isa = PBXFileReference; lastKnownFileType = wrapper.framework; name = AvatarKit.framework; path = "AvatarStream/System Frameworks/AvatarKit.framework"; sourceTree = "<group>"; };
		424D7921274F911400FB064A /* AvatarPersistence.framework */ = {isa = PBXFileReference; lastKnownFileType = wrapper.framework; name = AvatarPersistence.framework; path = "AvatarStream/System Frameworks/AvatarPersistence.framework"; sourceTree = "<group>"; };
		42CFC2052751923400EB7AFB /* ContentView.swift */ = {isa = PBXFileReference; fileEncoding = 4; lastKnownFileType = sourcecode.swift; path = ContentView.swift; sourceTree = "<group>"; };
		42CFC2062751923400EB7AFB /* AvatarView.swift */ = {isa = PBXFileReference; fileEncoding = 4; lastKnownFileType = sourcecode.swift; path = AvatarView.swift; sourceTree = "<group>"; };
/* End PBXFileReference section */

/* Begin PBXFrameworksBuildPhase section */
		4220EDA0274F8BF300C3595E /* Frameworks */ = {
			isa = PBXFrameworksBuildPhase;
			buildActionMask = 2147483647;
			files = (
				424D7922274F911400FB064A /* AvatarKit.framework in Frameworks */,
				424D7927274F926200FB064A /* AvatarPersistence.framework in Frameworks */,
			);
			runOnlyForDeploymentPostprocessing = 0;
		};
/* End PBXFrameworksBuildPhase section */

/* Begin PBXGroup section */
		4220ED9A274F8BF300C3595E = {
			isa = PBXGroup;
			children = (
				4220EDB4274F8D5600C3595E /* System Frameworks */,
				4220EDA5274F8BF300C3595E /* AvatarStream */,
				4220EDA4274F8BF300C3595E /* Products */,
				4220EDB6274F8D6A00C3595E /* Frameworks */,
			);
			sourceTree = "<group>";
		};
		4220EDA4274F8BF300C3595E /* Products */ = {
			isa = PBXGroup;
			children = (
				4220EDA3274F8BF300C3595E /* AvatarStream.app */,
			);
			name = Products;
			sourceTree = "<group>";
		};
		4220EDA5274F8BF300C3595E /* AvatarStream */ = {
			isa = PBXGroup;
			children = (
				424D790A274F901400FB064A /* Headers */,
				4215B3462751E726002A6376 /* AvatarIO.swift */,
				4220EDA6274F8BF300C3595E /* AvatarStreamApp.swift */,
				42CFC2062751923400EB7AFB /* AvatarView.swift */,
				42CFC2052751923400EB7AFB /* ContentView.swift */,
				4215B3512751ED57002A6376 /* PropertyListView.swift */,
				4215B3532751F4B0002A6376 /* MemojiThumbnailer.swift */,
				4220EDAA274F8BF400C3595E /* Assets.xcassets */,
				4220EDAC274F8BF400C3595E /* Preview Content */,
			);
			path = AvatarStream;
			sourceTree = "<group>";
		};
		4220EDAC274F8BF400C3595E /* Preview Content */ = {
			isa = PBXGroup;
			children = (
				4220EDAD274F8BF400C3595E /* Preview Assets.xcassets */,
			);
			path = "Preview Content";
			sourceTree = "<group>";
		};
		4220EDB6274F8D6A00C3595E /* Frameworks */ = {
			isa = PBXGroup;
			children = (
				424D7920274F911400FB064A /* AvatarKit.framework */,
				424D7921274F911400FB064A /* AvatarPersistence.framework */,
			);
			name = Frameworks;
			sourceTree = "<group>";
		};
		424D790A274F901400FB064A /* Headers */ = {
			isa = PBXGroup;
			children = (
				424D790B274F903000FB064A /* AvatarStream-Bridging-Header.h */,
				4215B34F2751E7C1002A6376 /* AVTAnimoji.h */,
				4215B34C2751E7C1002A6376 /* AVTAvatar.h */,
				4215B34E2751E7C1002A6376 /* AVTAvatarRecord.h */,
				4215B34B2751E7C1002A6376 /* AVTAvatarRecordRendering.h */,
				4215B3502751E7C1002A6376 /* AVTMemoji.h */,
				4215B3492751E7C1002A6376 /* AVTStickerConfiguration.h */,
				4215B34A2751E7C1002A6376 /* AVTStickerGenerator.h */,
				4215B3482751E7C1002A6376 /* AVTStickerGeneratorOptions.h */,
				4215B34D2751E7C1002A6376 /* AVTView.h */,
				424D7910274F904400FB064A /* AVTAnimoji.h */,
				424D7918274F904500FB064A /* AVTAvatar.h */,
				424D7915274F904500FB064A /* AVTView.h */,
			);
			path = Headers;
			sourceTree = "<group>";
		};
/* End PBXGroup section */

/* Begin PBXNativeTarget section */
		4220EDA2274F8BF300C3595E /* AvatarStream */ = {
			isa = PBXNativeTarget;
			buildConfigurationList = 4220EDB1274F8BF400C3595E /* Build configuration list for PBXNativeTarget "AvatarStream" */;
			buildPhases = (
				4220ED9F274F8BF300C3595E /* Sources */,
				4220EDA0274F8BF300C3595E /* Frameworks */,
				4220EDA1274F8BF300C3595E /* Resources */,
			);
			buildRules = (
			);
			dependencies = (
			);
			name = AvatarStream;
			productName = AvatarStream;
			productReference = 4220EDA3274F8BF300C3595E /* AvatarStream.app */;
			productType = "com.apple.product-type.application";
		};
/* End PBXNativeTarget section */

/* Begin PBXProject section */
		4220ED9B274F8BF300C3595E /* Project object */ = {
			isa = PBXProject;
			attributes = {
				BuildIndependentTargetsInParallel = 1;
				LastSwiftUpdateCheck = 1320;
				LastUpgradeCheck = 1320;
				TargetAttributes = {
					4220EDA2274F8BF300C3595E = {
						CreatedOnToolsVersion = 13.2;
						LastSwiftMigration = 1320;
					};
				};
			};
			buildConfigurationList = 4220ED9E274F8BF300C3595E /* Build configuration list for PBXProject "AvatarStream" */;
			compatibilityVersion = "Xcode 13.0";
			developmentRegion = en;
			hasScannedForEncodings = 0;
			knownRegions = (
				en,
				Base,
			);
			mainGroup = 4220ED9A274F8BF300C3595E;
			productRefGroup = 4220EDA4274F8BF300C3595E /* Products */;
			projectDirPath = "";
			projectRoot = "";
			targets = (
				4220EDA2274F8BF300C3595E /* AvatarStream */,
			);
		};
/* End PBXProject section */

/* Begin PBXResourcesBuildPhase section */
		4220EDA1274F8BF300C3595E /* Resources */ = {
			isa = PBXResourcesBuildPhase;
			buildActionMask = 2147483647;
			files = (
				4220EDAE274F8BF400C3595E /* Preview Assets.xcassets in Resources */,
				4220EDAB274F8BF400C3595E /* Assets.xcassets in Resources */,
			);
			runOnlyForDeploymentPostprocessing = 0;
		};
/* End PBXResourcesBuildPhase section */

/* Begin PBXSourcesBuildPhase section */
		4220ED9F274F8BF300C3595E /* Sources */ = {
			isa = PBXSourcesBuildPhase;
			buildActionMask = 2147483647;
			files = (
				4215B3542751F4B0002A6376 /* MemojiThumbnailer.swift in Sources */,
				4215B3472751E726002A6376 /* AvatarIO.swift in Sources */,
				4215B3522751ED57002A6376 /* PropertyListView.swift in Sources */,
				42CFC2072751923400EB7AFB /* ContentView.swift in Sources */,
				42CFC2082751923400EB7AFB /* AvatarView.swift in Sources */,
				4220EDA7274F8BF300C3595E /* AvatarStreamApp.swift in Sources */,
			);
			runOnlyForDeploymentPostprocessing = 0;
		};
/* End PBXSourcesBuildPhase section */

/* Begin XCBuildConfiguration section */
		4220EDAF274F8BF400C3595E /* Debug */ = {
			isa = XCBuildConfiguration;
			buildSettings = {
				ALWAYS_SEARCH_USER_PATHS = NO;
				CLANG_ANALYZER_NONNULL = YES;
				CLANG_ANALYZER_NUMBER_OBJECT_CONVERSION = YES_AGGRESSIVE;
				CLANG_CXX_LANGUAGE_STANDARD = "gnu++17";
				CLANG_CXX_LIBRARY = "libc++";
				CLANG_ENABLE_MODULES = YES;
				CLANG_ENABLE_OBJC_ARC = YES;
				CLANG_ENABLE_OBJC_WEAK = YES;
				CLANG_WARN_BLOCK_CAPTURE_AUTORELEASING = YES;
				CLANG_WARN_BOOL_CONVERSION = YES;
				CLANG_WARN_COMMA = YES;
				CLANG_WARN_CONSTANT_CONVERSION = YES;
				CLANG_WARN_DEPRECATED_OBJC_IMPLEMENTATIONS = YES;
				CLANG_WARN_DIRECT_OBJC_ISA_USAGE = YES_ERROR;
				CLANG_WARN_DOCUMENTATION_COMMENTS = YES;
				CLANG_WARN_EMPTY_BODY = YES;
				CLANG_WARN_ENUM_CONVERSION = YES;
				CLANG_WARN_INFINITE_RECURSION = YES;
				CLANG_WARN_INT_CONVERSION = YES;
				CLANG_WARN_NON_LITERAL_NULL_CONVERSION = YES;
				CLANG_WARN_OBJC_IMPLICIT_RETAIN_SELF = YES;
				CLANG_WARN_OBJC_LITERAL_CONVERSION = YES;
				CLANG_WARN_OBJC_ROOT_CLASS = YES_ERROR;
				CLANG_WARN_QUOTED_INCLUDE_IN_FRAMEWORK_HEADER = YES;
				CLANG_WARN_RANGE_LOOP_ANALYSIS = YES;
				CLANG_WARN_STRICT_PROTOTYPES = YES;
				CLANG_WARN_SUSPICIOUS_MOVE = YES;
				CLANG_WARN_UNGUARDED_AVAILABILITY = YES_AGGRESSIVE;
				CLANG_WARN_UNREACHABLE_CODE = YES;
				CLANG_WARN__DUPLICATE_METHOD_MATCH = YES;
				COPY_PHASE_STRIP = NO;
				DEBUG_INFORMATION_FORMAT = dwarf;
				ENABLE_STRICT_OBJC_MSGSEND = YES;
				ENABLE_TESTABILITY = YES;
				GCC_C_LANGUAGE_STANDARD = gnu11;
				GCC_DYNAMIC_NO_PIC = NO;
				GCC_NO_COMMON_BLOCKS = YES;
				GCC_OPTIMIZATION_LEVEL = 0;
				GCC_PREPROCESSOR_DEFINITIONS = (
					"DEBUG=1",
					"$(inherited)",
				);
				GCC_WARN_64_TO_32_BIT_CONVERSION = YES;
				GCC_WARN_ABOUT_RETURN_TYPE = YES_ERROR;
				GCC_WARN_UNDECLARED_SELECTOR = YES;
				GCC_WARN_UNINITIALIZED_AUTOS = YES_AGGRESSIVE;
				GCC_WARN_UNUSED_FUNCTION = YES;
				GCC_WARN_UNUSED_VARIABLE = YES;
				IPHONEOS_DEPLOYMENT_TARGET = 15.2;
				MTL_ENABLE_DEBUG_INFO = INCLUDE_SOURCE;
				MTL_FAST_MATH = YES;
				ONLY_ACTIVE_ARCH = YES;
				SDKROOT = iphoneos;
				SWIFT_ACTIVE_COMPILATION_CONDITIONS = DEBUG;
				SWIFT_OPTIMIZATION_LEVEL = "-Onone";
			};
			name = Debug;
		};
		4220EDB0274F8BF400C3595E /* Release */ = {
			isa = XCBuildConfiguration;
			buildSettings = {
				ALWAYS_SEARCH_USER_PATHS = NO;
				CLANG_ANALYZER_NONNULL = YES;
				CLANG_ANALYZER_NUMBER_OBJECT_CONVERSION = YES_AGGRESSIVE;
				CLANG_CXX_LANGUAGE_STANDARD = "gnu++17";
				CLANG_CXX_LIBRARY = "libc++";
				CLANG_ENABLE_MODULES = YES;
				CLANG_ENABLE_OBJC_ARC = YES;
				CLANG_ENABLE_OBJC_WEAK = YES;
				CLANG_WARN_BLOCK_CAPTURE_AUTORELEASING = YES;
				CLANG_WARN_BOOL_CONVERSION = YES;
				CLANG_WARN_COMMA = YES;
				CLANG_WARN_CONSTANT_CONVERSION = YES;
				CLANG_WARN_DEPRECATED_OBJC_IMPLEMENTATIONS = YES;
				CLANG_WARN_DIRECT_OBJC_ISA_USAGE = YES_ERROR;
				CLANG_WARN_DOCUMENTATION_COMMENTS = YES;
				CLANG_WARN_EMPTY_BODY = YES;
				CLANG_WARN_ENUM_CONVERSION = YES;
				CLANG_WARN_INFINITE_RECURSION = YES;
				CLANG_WARN_INT_CONVERSION = YES;
				CLANG_WARN_NON_LITERAL_NULL_CONVERSION = YES;
				CLANG_WARN_OBJC_IMPLICIT_RETAIN_SELF = YES;
				CLANG_WARN_OBJC_LITERAL_CONVERSION = YES;
				CLANG_WARN_OBJC_ROOT_CLASS = YES_ERROR;
				CLANG_WARN_QUOTED_INCLUDE_IN_FRAMEWORK_HEADER = YES;
				CLANG_WARN_RANGE_LOOP_ANALYSIS = YES;
				CLANG_WARN_STRICT_PROTOTYPES = YES;
				CLANG_WARN_SUSPICIOUS_MOVE = YES;
				CLANG_WARN_UNGUARDED_AVAILABILITY = YES_AGGRESSIVE;
				CLANG_WARN_UNREACHABLE_CODE = YES;
				CLANG_WARN__DUPLICATE_METHOD_MATCH = YES;
				COPY_PHASE_STRIP = NO;
				DEBUG_INFORMATION_FORMAT = "dwarf-with-dsym";
				ENABLE_NS_ASSERTIONS = NO;
				ENABLE_STRICT_OBJC_MSGSEND = YES;
				GCC_C_LANGUAGE_STANDARD = gnu11;
				GCC_NO_COMMON_BLOCKS = YES;
				GCC_WARN_64_TO_32_BIT_CONVERSION = YES;
				GCC_WARN_ABOUT_RETURN_TYPE = YES_ERROR;
				GCC_WARN_UNDECLARED_SELECTOR = YES;
				GCC_WARN_UNINITIALIZED_AUTOS = YES_AGGRESSIVE;
				GCC_WARN_UNUSED_FUNCTION = YES;
				GCC_WARN_UNUSED_VARIABLE = YES;
				IPHONEOS_DEPLOYMENT_TARGET = 15.2;
				MTL_ENABLE_DEBUG_INFO = NO;
				MTL_FAST_MATH = YES;
				SDKROOT = iphoneos;
				SWIFT_COMPILATION_MODE = wholemodule;
				SWIFT_OPTIMIZATION_LEVEL = "-O";
				VALIDATE_PRODUCT = YES;
			};
			name = Release;
		};
		4220EDB2274F8BF400C3595E /* Debug */ = {
			isa = XCBuildConfiguration;
			buildSettings = {
				ASSETCATALOG_COMPILER_APPICON_NAME = AppIcon;
				ASSETCATALOG_COMPILER_GLOBAL_ACCENT_COLOR_NAME = AccentColor;
				CLANG_ENABLE_MODULES = YES;
				CODE_SIGN_STYLE = Automatic;
				CURRENT_PROJECT_VERSION = 1;
				DEVELOPMENT_ASSET_PATHS = "\"AvatarStream/Preview Content\"";
				DEVELOPMENT_TEAM = NP873NYDVX;
				ENABLE_PREVIEWS = YES;
				FRAMEWORK_SEARCH_PATHS = (
					"$(inherited)",
					"$(PROJECT_DIR)/AvatarStream/System\\ Frameworks",
					"$(PROJECT_DIR)/AvatarStream/System\\ Frameworks",
					"$(PROJECT_DIR)/AvatarStream/System\\ Frameworks",
					"$(PROJECT_DIR)/AvatarStream/System\\ Frameworks",
					"$(PROJECT_DIR)/AvatarStream/System\\ Frameworks",
					"$(PROJECT_DIR)/AvatarStream/System\\ Frameworks",
				);
				GENERATE_INFOPLIST_FILE = YES;
				INFOPLIST_KEY_NSCameraUsageDescription = "Used solely to permit face tracking.";
				INFOPLIST_KEY_UIApplicationSceneManifest_Generation = YES;
				INFOPLIST_KEY_UIApplicationSupportsIndirectInputEvents = YES;
				INFOPLIST_KEY_UILaunchScreen_Generation = YES;
				INFOPLIST_KEY_UISupportedInterfaceOrientations_iPad = "UIInterfaceOrientationPortrait UIInterfaceOrientationPortraitUpsideDown UIInterfaceOrientationLandscapeLeft UIInterfaceOrientationLandscapeRight";
				INFOPLIST_KEY_UISupportedInterfaceOrientations_iPhone = "UIInterfaceOrientationPortrait UIInterfaceOrientationLandscapeLeft UIInterfaceOrientationLandscapeRight";
				LD_RUNPATH_SEARCH_PATHS = (
					"$(inherited)",
					"@executable_path/Frameworks",
				);
				MARKETING_VERSION = 1.0;
				PRODUCT_BUNDLE_IDENTIFIER = space.joscomputing.AvatarStream;
				PRODUCT_NAME = "$(TARGET_NAME)";
				SWIFT_EMIT_LOC_STRINGS = YES;
				SWIFT_OBJC_BRIDGING_HEADER = "AvatarStream/Headers/AvatarStream-Bridging-Header.h";
				SWIFT_OPTIMIZATION_LEVEL = "-Onone";
				SWIFT_VERSION = 5.0;
				TARGETED_DEVICE_FAMILY = "1,2";
			};
			name = Debug;
		};
		4220EDB3274F8BF400C3595E /* Release */ = {
			isa = XCBuildConfiguration;
			buildSettings = {
				ASSETCATALOG_COMPILER_APPICON_NAME = AppIcon;
				ASSETCATALOG_COMPILER_GLOBAL_ACCENT_COLOR_NAME = AccentColor;
				CLANG_ENABLE_MODULES = YES;
				CODE_SIGN_STYLE = Automatic;
				CURRENT_PROJECT_VERSION = 1;
				DEVELOPMENT_ASSET_PATHS = "\"AvatarStream/Preview Content\"";
				DEVELOPMENT_TEAM = NP873NYDVX;
				ENABLE_PREVIEWS = YES;
				FRAMEWORK_SEARCH_PATHS = (
					"$(inherited)",
					"$(PROJECT_DIR)/AvatarStream/System\\ Frameworks",
				);
				GENERATE_INFOPLIST_FILE = YES;
				INFOPLIST_KEY_NSCameraUsageDescription = "Used solely to permit face tracking.";
				INFOPLIST_KEY_UIApplicationSceneManifest_Generation = YES;
				INFOPLIST_KEY_UIApplicationSupportsIndirectInputEvents = YES;
				INFOPLIST_KEY_UILaunchScreen_Generation = YES;
				INFOPLIST_KEY_UISupportedInterfaceOrientations_iPad = "UIInterfaceOrientationPortrait UIInterfaceOrientationPortraitUpsideDown UIInterfaceOrientationLandscapeLeft UIInterfaceOrientationLandscapeRight";
				INFOPLIST_KEY_UISupportedInterfaceOrientations_iPhone = "UIInterfaceOrientationPortrait UIInterfaceOrientationLandscapeLeft UIInterfaceOrientationLandscapeRight";
				LD_RUNPATH_SEARCH_PATHS = (
					"$(inherited)",
					"@executable_path/Frameworks",
				);
				MARKETING_VERSION = 1.0;
				PRODUCT_BUNDLE_IDENTIFIER = space.joscomputing.AvatarStream;
				PRODUCT_NAME = "$(TARGET_NAME)";
				SWIFT_EMIT_LOC_STRINGS = YES;
				SWIFT_OBJC_BRIDGING_HEADER = "AvatarStream/Headers/AvatarStream-Bridging-Header.h";
				SWIFT_VERSION = 5.0;
				TARGETED_DEVICE_FAMILY = "1,2";
			};
			name = Release;
		};
/* End XCBuildConfiguration section */

/* Begin XCConfigurationList section */
		4220ED9E274F8BF300C3595E /* Build configuration list for PBXProject "AvatarStream" */ = {
			isa = XCConfigurationList;
			buildConfigurations = (
				4220EDAF274F8BF400C3595E /* Debug */,
				4220EDB0274F8BF400C3595E /* Release */,
			);
			defaultConfigurationIsVisible = 0;
			defaultConfigurationName = Release;
		};
		4220EDB1274F8BF400C3595E /* Build configuration list for PBXNativeTarget "AvatarStream" */ = {
			isa = XCConfigurationList;
			buildConfigurations = (
				4220EDB2274F8BF400C3595E /* Debug */,
				4220EDB3274F8BF400C3595E /* Release */,
			);
			defaultConfigurationIsVisible = 0;
			defaultConfigurationName = Release;
		};
/* End XCConfigurationList section */
	};
	rootObject = 4220ED9B274F8BF300C3595E /* Project object */;
}
